
Microsoft Visual Studio Solution File, Format Version 12.00
# Visual Studio Version 16
VisualStudioVersion = 16.0.30611.23
MinimumVisualStudioVersion = 10.0.40219.1
Project("{8BC9CEB8-8B4A-11D0-8D11-00A0C91BC942}") = "dailycode8.26", "dailycode8.26\dailycode8.26.vcxproj", "{70069337-085A-43E1-B275-15E913AD60CF}"
EndProject
Global
	GlobalSection(SolutionConfigurationPlatforms) = preSolution
		Debug|x64 = Debug|x64
		Debug|x86 = Debug|x86
		Release|x64 = Release|x64
		Release|x86 = Release|x86
	EndGlobalSection
	GlobalSection(ProjectConfigurationPlatforms) = postSolution
		{70069337-085A-43E1-B275-15E913AD60CF}.Debug|x64.ActiveCfg = Debug|x64
		{70069337-085A-43E1-B275-15E913AD60CF}.Debug|x64.Build.0 = Debug|x64
		{70069337-085A-43E1-B275-15E913AD60CF}.Debug|x86.ActiveCfg = Debug|Win32
		{70069337-085A-43E1-B275-15E913AD60CF}.Debug|x86.Build.0 = Debug|Win32
		{70069337-085A-43E1-B275-15E913AD60CF}.Release|x64.ActiveCfg = Release|x64
		{70069337-085A-43E1-B275-15E913AD60CF}.Release|x64.Build.0 = Release|x64
		{70069337-085A-43E1-B275-15E913AD60CF}.Release|x86.ActiveCfg = Release|Win32
		{70069337-085A-43E1-B275-15E913AD60CF}.Release|x86.Build.0 = Release|Win32
	EndGlobalSection
	GlobalSection(SolutionProperties) = preSolution
		HideSolutionNode = FALSE
	EndGlobalSection
	GlobalSection(ExtensibilityGlobals) = postSolution
		SolutionGuid = {D5F25DD1-F33D-4DDC-BE2F-6272943C1EE6}
	EndGlobalSection
EndGlobal
